
Microsoft Visual Studio Solution File, Format Version 12.00
# Visual Studio 15
VisualStudioVersion = 15.0.35826.109
MinimumVisualStudioVersion = 10.0.40219.1
Project("{FAE04EC0-301F-11D3-BF4B-00C04F79EFBC}") = "TravelTripProje", "TravelTripProje\TravelTripProje.csproj", "{6822B537-CE65-4820-9680-0118325A69E5}"
EndProject
Global
	GlobalSection(SolutionConfigurationPlatforms) = preSolution
		Debug|Any CPU = Debug|Any CPU
		Release|Any CPU = Release|Any CPU
	EndGlobalSection
	GlobalSection(ProjectConfigurationPlatforms) = postSolution
		{6822B537-CE65-4820-9680-0118325A69E5}.Debug|Any CPU.ActiveCfg = Debug|Any CPU
		{6822B537-CE65-4820-9680-0118325A69E5}.Debug|Any CPU.Build.0 = Debug|Any CPU
		{6822B537-CE65-4820-9680-0118325A69E5}.Release|Any CPU.ActiveCfg = Release|Any CPU
		{6822B537-CE65-4820-9680-0118325A69E5}.Release|Any CPU.Build.0 = Release|Any CPU
	EndGlobalSection
	GlobalSection(SolutionProperties) = preSolution
		HideSolutionNode = FALSE
	EndGlobalSection
	GlobalSection(ExtensibilityGlobals) = postSolution
		SolutionGuid = {F73D43A7-D614-4168-8481-85F0E32104DE}
	EndGlobalSection
EndGlobal
